
Microsoft Visual Studio Solution File, Format Version 12.00
# Visual Studio Version 17
VisualStudioVersion = 17.0.31903.59
MinimumVisualStudioVersion = 10.0.40219.1
Project("{FAE04EC0-301F-11D3-BF4B-00C04F79EFBC}") = "Amorous.Engine", "Amorous.Engine\Amorous.Engine.csproj", "{7A4A8D1E-EC59-4985-9F9B-812491D5B084}"
EndProject
Project("{FAE04EC0-301F-11D3-BF4B-00C04F79EFBC}") = "Amorous.Game", "Amorous.Game\Amorous.Game.csproj", "{48A3DD2E-F716-4EDE-B305-62B90D752855}"
EndProject
Project("{9A19103F-16F7-4668-BE54-9A1E7A4F7556}") = "Amorous.Explorer", "Amorous.Explorer\Amorous.Explorer.csproj", "{333016C2-078A-48AF-8ED4-143A0871BBE3}"
EndProject
Project("{FAE04EC0-301F-11D3-BF4B-00C04F79EFBC}") = "Amorous.Explorer.Windows", "Amorous.Explorer.Windows\Amorous.Explorer.Windows.csproj", "{96543127-0B1A-47F6-B820-E0CB025F2F49}"
EndProject
Project("{FAE04EC0-301F-11D3-BF4B-00C04F79EFBC}") = "Amorous.Explorer.Android", "Amorous.Explorer.Android\Amorous.Explorer.Android.csproj", "{782C85C5-76B8-4DF0-B647-FF0DABA622D8}"
EndProject
Project("{FAE04EC0-301F-11D3-BF4B-00C04F79EFBC}") = "Spine", "Spine\Spine.csproj", "{94144E22-2431-4A8F-AC04-DEC22F7EDD8F}"
EndProject
Project("{FAE04EC0-301F-11D3-BF4B-00C04F79EFBC}") = "Spine.Xna", "Spine.Xna\Spine.Xna.csproj", "{7F8F2327-C016-49C8-BB4D-F3F77971961E}"
EndProject
Global
	GlobalSection(SolutionConfigurationPlatforms) = preSolution
		Debug|Any CPU = Debug|Any CPU
		Release|Any CPU = Release|Any CPU
	EndGlobalSection
	GlobalSection(SolutionProperties) = preSolution
		HideSolutionNode = FALSE
	EndGlobalSection
	GlobalSection(ProjectConfigurationPlatforms) = postSolution
		{7A4A8D1E-EC59-4985-9F9B-812491D5B084}.Debug|Any CPU.ActiveCfg = Debug|Any CPU
		{7A4A8D1E-EC59-4985-9F9B-812491D5B084}.Debug|Any CPU.Build.0 = Debug|Any CPU
		{7A4A8D1E-EC59-4985-9F9B-812491D5B084}.Release|Any CPU.ActiveCfg = Release|Any CPU
		{7A4A8D1E-EC59-4985-9F9B-812491D5B084}.Release|Any CPU.Build.0 = Release|Any CPU
		{48A3DD2E-F716-4EDE-B305-62B90D752855}.Debug|Any CPU.ActiveCfg = Debug|Any CPU
		{48A3DD2E-F716-4EDE-B305-62B90D752855}.Debug|Any CPU.Build.0 = Debug|Any CPU
		{48A3DD2E-F716-4EDE-B305-62B90D752855}.Release|Any CPU.ActiveCfg = Release|Any CPU
		{48A3DD2E-F716-4EDE-B305-62B90D752855}.Release|Any CPU.Build.0 = Release|Any CPU
		{333016C2-078A-48AF-8ED4-143A0871BBE3}.Debug|Any CPU.ActiveCfg = Debug|Any CPU
		{333016C2-078A-48AF-8ED4-143A0871BBE3}.Debug|Any CPU.Build.0 = Debug|Any CPU
		{333016C2-078A-48AF-8ED4-143A0871BBE3}.Release|Any CPU.ActiveCfg = Release|Any CPU
		{333016C2-078A-48AF-8ED4-143A0871BBE3}.Release|Any CPU.Build.0 = Release|Any CPU
		{96543127-0B1A-47F6-B820-E0CB025F2F49}.Debug|Any CPU.ActiveCfg = Debug|Any CPU
		{96543127-0B1A-47F6-B820-E0CB025F2F49}.Debug|Any CPU.Build.0 = Debug|Any CPU
		{96543127-0B1A-47F6-B820-E0CB025F2F49}.Release|Any CPU.ActiveCfg = Release|Any CPU
		{96543127-0B1A-47F6-B820-E0CB025F2F49}.Release|Any CPU.Build.0 = Release|Any CPU
		{782C85C5-76B8-4DF0-B647-FF0DABA622D8}.Debug|Any CPU.ActiveCfg = Debug|Any CPU
		{782C85C5-76B8-4DF0-B647-FF0DABA622D8}.Debug|Any CPU.Build.0 = Debug|Any CPU
		{782C85C5-76B8-4DF0-B647-FF0DABA622D8}.Release|Any CPU.ActiveCfg = Release|Any CPU
		{782C85C5-76B8-4DF0-B647-FF0DABA622D8}.Release|Any CPU.Build.0 = Release|Any CPU
		{94144E22-2431-4A8F-AC04-DEC22F7EDD8F}.Debug|Any CPU.ActiveCfg = Debug|Any CPU
		{94144E22-2431-4A8F-AC04-DEC22F7EDD8F}.Debug|Any CPU.Build.0 = Debug|Any CPU
		{94144E22-2431-4A8F-AC04-DEC22F7EDD8F}.Release|Any CPU.ActiveCfg = Release|Any CPU
		{94144E22-2431-4A8F-AC04-DEC22F7EDD8F}.Release|Any CPU.Build.0 = Release|Any CPU
		{7F8F2327-C016-49C8-BB4D-F3F77971961E}.Debug|Any CPU.ActiveCfg = Debug|Any CPU
		{7F8F2327-C016-49C8-BB4D-F3F77971961E}.Debug|Any CPU.Build.0 = Debug|Any CPU
		{7F8F2327-C016-49C8-BB4D-F3F77971961E}.Release|Any CPU.ActiveCfg = Release|Any CPU
		{7F8F2327-C016-49C8-BB4D-F3F77971961E}.Release|Any CPU.Build.0 = Release|Any CPU
	EndGlobalSection
EndGlobal
